
Microsoft Visual Studio Solution File, Format Version 12.00
# Visual Studio 15
VisualStudioVersion = 15.0.27004.2009
MinimumVisualStudioVersion = 10.0.40219.1
Project("{FAE04EC0-301F-11D3-BF4B-00C04F79EFBC}") = "AIHubAPI", "AIHubAPI\AIHubAPI.csproj", "{2F6D8F57-872E-4DD6-99AD-6F0166A0F492}"
EndProject
Project("{00D1A9C2-B5F0-4AF3-8072-F6C62B433612}") = "AIHubDAC", "AIHubDAC\AIHubDAC.sqlproj", "{AAA20571-5CA7-453F-8FC7-4ED51EE7522B}"
EndProject
Global
	GlobalSection(SolutionConfigurationPlatforms) = preSolution
		Debug|Any CPU = Debug|Any CPU
		Release|Any CPU = Release|Any CPU
	EndGlobalSection
	GlobalSection(ProjectConfigurationPlatforms) = postSolution
		{2F6D8F57-872E-4DD6-99AD-6F0166A0F492}.Debug|Any CPU.ActiveCfg = Debug|Any CPU
		{2F6D8F57-872E-4DD6-99AD-6F0166A0F492}.Debug|Any CPU.Build.0 = Debug|Any CPU
		{2F6D8F57-872E-4DD6-99AD-6F0166A0F492}.Release|Any CPU.ActiveCfg = Release|Any CPU
		{2F6D8F57-872E-4DD6-99AD-6F0166A0F492}.Release|Any CPU.Build.0 = Release|Any CPU
		{AAA20571-5CA7-453F-8FC7-4ED51EE7522B}.Debug|Any CPU.ActiveCfg = Debug|Any CPU
		{AAA20571-5CA7-453F-8FC7-4ED51EE7522B}.Debug|Any CPU.Build.0 = Debug|Any CPU
		{AAA20571-5CA7-453F-8FC7-4ED51EE7522B}.Debug|Any CPU.Deploy.0 = Debug|Any CPU
		{AAA20571-5CA7-453F-8FC7-4ED51EE7522B}.Release|Any CPU.ActiveCfg = Release|Any CPU
		{AAA20571-5CA7-453F-8FC7-4ED51EE7522B}.Release|Any CPU.Build.0 = Release|Any CPU
		{AAA20571-5CA7-453F-8FC7-4ED51EE7522B}.Release|Any CPU.Deploy.0 = Release|Any CPU
	EndGlobalSection
	GlobalSection(SolutionProperties) = preSolution
		HideSolutionNode = FALSE
	EndGlobalSection
	GlobalSection(ExtensibilityGlobals) = postSolution
		SolutionGuid = {9B418ADF-0FD0-44EA-A3E4-F691E21EA482}
	EndGlobalSection
EndGlobal
