
Microsoft Visual Studio Solution File, Format Version 12.00
# Visual Studio 15
VisualStudioVersion = 15.0.27130.2036
MinimumVisualStudioVersion = 10.0.40219.1
Project("{D954291E-2A0B-460D-934E-DC6B0785DB48}") = "AIHubMobile", "AIHubMobile\AIHubMobile\AIHubMobile.shproj", "{B4A4F676-EC53-4B8D-AE6D-81934642F7E7}"
EndProject
Project("{FAE04EC0-301F-11D3-BF4B-00C04F79EFBC}") = "AIHubMobile.Android", "AIHubMobile\AIHubMobile.Android\AIHubMobile.Android.csproj", "{D9EEB3C9-9F89-47A5-A743-EFF647DB5492}"
EndProject
Project("{FAE04EC0-301F-11D3-BF4B-00C04F79EFBC}") = "AIHubMobile.iOS", "AIHubMobile\AIHubMobile.iOS\AIHubMobile.iOS.csproj", "{0AB6D4C5-44E6-4848-9481-6234E8DDDE25}"
EndProject
Global
	GlobalSection(SharedMSBuildProjectFiles) = preSolution
		AIHubMobile\AIHubMobile\AIHubMobile.projitems*{0ab6d4c5-44e6-4848-9481-6234e8ddde25}*SharedItemsImports = 4
		AIHubMobile\AIHubMobile\AIHubMobile.projitems*{b4a4f676-ec53-4b8d-ae6d-81934642f7e7}*SharedItemsImports = 13
		AIHubMobile\AIHubMobile\AIHubMobile.projitems*{d9eeb3c9-9f89-47a5-a743-eff647db5492}*SharedItemsImports = 4
	EndGlobalSection
	GlobalSection(SolutionConfigurationPlatforms) = preSolution
		Debug|Any CPU = Debug|Any CPU
		Debug|ARM = Debug|ARM
		Debug|iPhone = Debug|iPhone
		Debug|iPhoneSimulator = Debug|iPhoneSimulator
		Debug|x64 = Debug|x64
		Debug|x86 = Debug|x86
		Release|Any CPU = Release|Any CPU
		Release|ARM = Release|ARM
		Release|iPhone = Release|iPhone
		Release|iPhoneSimulator = Release|iPhoneSimulator
		Release|x64 = Release|x64
		Release|x86 = Release|x86
	EndGlobalSection
	GlobalSection(ProjectConfigurationPlatforms) = postSolution
		{D9EEB3C9-9F89-47A5-A743-EFF647DB5492}.Debug|Any CPU.ActiveCfg = Debug|Any CPU
		{D9EEB3C9-9F89-47A5-A743-EFF647DB5492}.Debug|Any CPU.Build.0 = Debug|Any CPU
		{D9EEB3C9-9F89-47A5-A743-EFF647DB5492}.Debug|Any CPU.Deploy.0 = Debug|Any CPU
		{D9EEB3C9-9F89-47A5-A743-EFF647DB5492}.Debug|ARM.ActiveCfg = Debug|Any CPU
		{D9EEB3C9-9F89-47A5-A743-EFF647DB5492}.Debug|ARM.Build.0 = Debug|Any CPU
		{D9EEB3C9-9F89-47A5-A743-EFF647DB5492}.Debug|ARM.Deploy.0 = Debug|Any CPU
		{D9EEB3C9-9F89-47A5-A743-EFF647DB5492}.Debug|iPhone.ActiveCfg = Debug|Any CPU
		{D9EEB3C9-9F89-47A5-A743-EFF647DB5492}.Debug|iPhone.Build.0 = Debug|Any CPU
		{D9EEB3C9-9F89-47A5-A743-EFF647DB5492}.Debug|iPhone.Deploy.0 = Debug|Any CPU
		{D9EEB3C9-9F89-47A5-A743-EFF647DB5492}.Debug|iPhoneSimulator.ActiveCfg = Debug|Any CPU
		{D9EEB3C9-9F89-47A5-A743-EFF647DB5492}.Debug|iPhoneSimulator.Build.0 = Debug|Any CPU
		{D9EEB3C9-9F89-47A5-A743-EFF647DB5492}.Debug|iPhoneSimulator.Deploy.0 = Debug|Any CPU
		{D9EEB3C9-9F89-47A5-A743-EFF647DB5492}.Debug|x64.ActiveCfg = Debug|Any CPU
		{D9EEB3C9-9F89-47A5-A743-EFF647DB5492}.Debug|x64.Build.0 = Debug|Any CPU
		{D9EEB3C9-9F89-47A5-A743-EFF647DB5492}.Debug|x64.Deploy.0 = Debug|Any CPU
		{D9EEB3C9-9F89-47A5-A743-EFF647DB5492}.Debug|x86.ActiveCfg = Debug|Any CPU
		{D9EEB3C9-9F89-47A5-A743-EFF647DB5492}.Debug|x86.Build.0 = Debug|Any CPU
		{D9EEB3C9-9F89-47A5-A743-EFF647DB5492}.Debug|x86.Deploy.0 = Debug|Any CPU
		{D9EEB3C9-9F89-47A5-A743-EFF647DB5492}.Release|Any CPU.ActiveCfg = Release|Any CPU
		{D9EEB3C9-9F89-47A5-A743-EFF647DB5492}.Release|Any CPU.Build.0 = Release|Any CPU
		{D9EEB3C9-9F89-47A5-A743-EFF647DB5492}.Release|Any CPU.Deploy.0 = Release|Any CPU
		{D9EEB3C9-9F89-47A5-A743-EFF647DB5492}.Release|ARM.ActiveCfg = Release|Any CPU
		{D9EEB3C9-9F89-47A5-A743-EFF647DB5492}.Release|ARM.Build.0 = Release|Any CPU
		{D9EEB3C9-9F89-47A5-A743-EFF647DB5492}.Release|ARM.Deploy.0 = Release|Any CPU
		{D9EEB3C9-9F89-47A5-A743-EFF647DB5492}.Release|iPhone.ActiveCfg = Release|Any CPU
		{D9EEB3C9-9F89-47A5-A743-EFF647DB5492}.Release|iPhone.Build.0 = Release|Any CPU
		{D9EEB3C9-9F89-47A5-A743-EFF647DB5492}.Release|iPhone.Deploy.0 = Release|Any CPU
		{D9EEB3C9-9F89-47A5-A743-EFF647DB5492}.Release|iPhoneSimulator.ActiveCfg = Release|Any CPU
		{D9EEB3C9-9F89-47A5-A743-EFF647DB5492}.Release|iPhoneSimulator.Build.0 = Release|Any CPU
		{D9EEB3C9-9F89-47A5-A743-EFF647DB5492}.Release|iPhoneSimulator.Deploy.0 = Release|Any CPU
		{D9EEB3C9-9F89-47A5-A743-EFF647DB5492}.Release|x64.ActiveCfg = Release|Any CPU
		{D9EEB3C9-9F89-47A5-A743-EFF647DB5492}.Release|x64.Build.0 = Release|Any CPU
		{D9EEB3C9-9F89-47A5-A743-EFF647DB5492}.Release|x64.Deploy.0 = Release|Any CPU
		{D9EEB3C9-9F89-47A5-A743-EFF647DB5492}.Release|x86.ActiveCfg = Release|Any CPU
		{D9EEB3C9-9F89-47A5-A743-EFF647DB5492}.Release|x86.Build.0 = Release|Any CPU
		{D9EEB3C9-9F89-47A5-A743-EFF647DB5492}.Release|x86.Deploy.0 = Release|Any CPU
		{0AB6D4C5-44E6-4848-9481-6234E8DDDE25}.Debug|Any CPU.ActiveCfg = Debug|iPhoneSimulator
		{0AB6D4C5-44E6-4848-9481-6234E8DDDE25}.Debug|ARM.ActiveCfg = Debug|iPhone
		{0AB6D4C5-44E6-4848-9481-6234E8DDDE25}.Debug|iPhone.ActiveCfg = Debug|iPhone
		{0AB6D4C5-44E6-4848-9481-6234E8DDDE25}.Debug|iPhone.Build.0 = Debug|iPhone
		{0AB6D4C5-44E6-4848-9481-6234E8DDDE25}.Debug|iPhoneSimulator.ActiveCfg = Debug|iPhoneSimulator
		{0AB6D4C5-44E6-4848-9481-6234E8DDDE25}.Debug|iPhoneSimulator.Build.0 = Debug|iPhoneSimulator
		{0AB6D4C5-44E6-4848-9481-6234E8DDDE25}.Debug|x64.ActiveCfg = Debug|iPhone
		{0AB6D4C5-44E6-4848-9481-6234E8DDDE25}.Debug|x86.ActiveCfg = Debug|iPhone
		{0AB6D4C5-44E6-4848-9481-6234E8DDDE25}.Release|Any CPU.ActiveCfg = Release|iPhoneSimulator
		{0AB6D4C5-44E6-4848-9481-6234E8DDDE25}.Release|ARM.ActiveCfg = Release|iPhone
		{0AB6D4C5-44E6-4848-9481-6234E8DDDE25}.Release|iPhone.ActiveCfg = Release|iPhone
		{0AB6D4C5-44E6-4848-9481-6234E8DDDE25}.Release|iPhone.Build.0 = Release|iPhone
		{0AB6D4C5-44E6-4848-9481-6234E8DDDE25}.Release|iPhoneSimulator.ActiveCfg = Release|iPhoneSimulator
		{0AB6D4C5-44E6-4848-9481-6234E8DDDE25}.Release|iPhoneSimulator.Build.0 = Release|iPhoneSimulator
		{0AB6D4C5-44E6-4848-9481-6234E8DDDE25}.Release|x64.ActiveCfg = Release|iPhone
		{0AB6D4C5-44E6-4848-9481-6234E8DDDE25}.Release|x86.ActiveCfg = Release|iPhone
	EndGlobalSection
	GlobalSection(SolutionProperties) = preSolution
		HideSolutionNode = FALSE
	EndGlobalSection
	GlobalSection(ExtensibilityGlobals) = postSolution
		SolutionGuid = {01B0C994-C955-45DB-8FCF-DA67095A9F75}
	EndGlobalSection
EndGlobal
