
Microsoft Visual Studio Solution File, Format Version 12.00
# Visual Studio 15
VisualStudioVersion = 15.0.27004.2009
MinimumVisualStudioVersion = 10.0.40219.1
Project("{FAE04EC0-301F-11D3-BF4B-00C04F79EFBC}") = "AIHubWeb", "AIHubWeb\AIHubWeb.csproj", "{5F9BC4EA-9CC1-4A07-9997-6CB9E61786B6}"
EndProject
Global
	GlobalSection(SolutionConfigurationPlatforms) = preSolution
		Debug|Any CPU = Debug|Any CPU
		Release|Any CPU = Release|Any CPU
	EndGlobalSection
	GlobalSection(ProjectConfigurationPlatforms) = postSolution
		{5F9BC4EA-9CC1-4A07-9997-6CB9E61786B6}.Debug|Any CPU.ActiveCfg = Debug|Any CPU
		{5F9BC4EA-9CC1-4A07-9997-6CB9E61786B6}.Debug|Any CPU.Build.0 = Debug|Any CPU
		{5F9BC4EA-9CC1-4A07-9997-6CB9E61786B6}.Release|Any CPU.ActiveCfg = Release|Any CPU
		{5F9BC4EA-9CC1-4A07-9997-6CB9E61786B6}.Release|Any CPU.Build.0 = Release|Any CPU
	EndGlobalSection
	GlobalSection(SolutionProperties) = preSolution
		HideSolutionNode = FALSE
	EndGlobalSection
	GlobalSection(ExtensibilityGlobals) = postSolution
		SolutionGuid = {ECA29CF1-A3F3-4C5C-8CD3-593F0F2D788A}
	EndGlobalSection
EndGlobal
